
Microsoft Visual Studio Solution File, Format Version 12.00
# Visual Studio Version 17
VisualStudioVersion = 17.0.31903.59
MinimumVisualStudioVersion = 10.0.40219.1
Project("{FAE04EC0-301F-11D3-BF4B-00C04F79EFBC}") = "Guides.Api", "Guides.Api\Guides.Api.csproj", "{9B1E2ED0-8FFD-4A6D-843C-A0AED1C885F9}"
EndProject
Project("{FAE04EC0-301F-11D3-BF4B-00C04F79EFBC}") = "Guides.Api.Tests", "Guides.Api.Tests\Guides.Api.Tests.csproj", "{74E2F631-A08E-48E1-B08F-911017E72764}"
EndProject
Global
	GlobalSection(SolutionConfigurationPlatforms) = preSolution
		Debug|Any CPU = Debug|Any CPU
		Release|Any CPU = Release|Any CPU
	EndGlobalSection
	GlobalSection(ProjectConfigurationPlatforms) = postSolution
		{9B1E2ED0-8FFD-4A6D-843C-A0AED1C885F9}.Debug|Any CPU.ActiveCfg = Debug|Any CPU
		{9B1E2ED0-8FFD-4A6D-843C-A0AED1C885F9}.Debug|Any CPU.Build.0 = Debug|Any CPU
		{9B1E2ED0-8FFD-4A6D-843C-A0AED1C885F9}.Release|Any CPU.ActiveCfg = Release|Any CPU
		{9B1E2ED0-8FFD-4A6D-843C-A0AED1C885F9}.Release|Any CPU.Build.0 = Release|Any CPU
		{74E2F631-A08E-48E1-B08F-911017E72764}.Debug|Any CPU.ActiveCfg = Debug|Any CPU
		{74E2F631-A08E-48E1-B08F-911017E72764}.Debug|Any CPU.Build.0 = Debug|Any CPU
		{74E2F631-A08E-48E1-B08F-911017E72764}.Release|Any CPU.ActiveCfg = Release|Any CPU
		{74E2F631-A08E-48E1-B08F-911017E72764}.Release|Any CPU.Build.0 = Release|Any CPU
	EndGlobalSection
EndGlobal
